<?xml version="1.0" encoding="utf-8"?>
<Project ToolsVersion="4.0" xmlns="http://schemas.microsoft.com/developer/msbuild/2003">
  <ItemGroup>
    <Filter Include="Ghost">
      <UniqueIdentifier>{CABA3E0D-36CF-66BE-FF50-0A1E6B2463EF}</UniqueIdentifier>
    </Filter>
    <Filter Include="Ghost\Events">
      <UniqueIdentifier>{6E1F9107-5A82-20AC-0308-5962EF49EC2E}</UniqueIdentifier>
    </Filter>
  </ItemGroup>
  <ItemGroup>
    <ClInclude Include="src\Ghost.h" />
    <ClInclude Include="src\Ghost\Application.h">
      <Filter>Ghost</Filter>
    </ClInclude>
    <ClInclude Include="src\Ghost\Core.h">
      <Filter>Ghost</Filter>
    </ClInclude>
    <ClInclude Include="src\Ghost\EntryPoint.h">
      <Filter>Ghost</Filter>
    </ClInclude>
    <ClInclude Include="src\Ghost\Events\ApplicationEvent.h">
      <Filter>Ghost\Events</Filter>
    </ClInclude>
    <ClInclude Include="src\Ghost\Events\Event.h">
      <Filter>Ghost\Events</Filter>
    </ClInclude>
    <ClInclude Include="src\Ghost\Events\KeyEvent.h">
      <Filter>Ghost\Events</Filter>
    </ClInclude>
    <ClInclude Include="src\Ghost\Events\MouseEvent.h">
      <Filter>Ghost\Events</Filter>
    </ClInclude>
    <ClInclude Include="src\Ghost\Log.h">
      <Filter>Ghost</Filter>
    </ClInclude>
  </ItemGroup>
  <ItemGroup>
    <ClCompile Include="src\Ghost\Application.cpp">
      <Filter>Ghost</Filter>
    </ClCompile>
    <ClCompile Include="src\Ghost\Log.cpp">
      <Filter>Ghost</Filter>
    </ClCompile>
  </ItemGroup>
</Project>