<?xml version="1.0" encoding="utf-8"?>
<Project ToolsVersion="4.0" xmlns="http://schemas.microsoft.com/developer/msbuild/2003">
  <ItemGroup>
    <Filter Include="Ghost">
      <UniqueIdentifier>{CABA3E0D-36CF-66BE-FF50-0A1E6B2463EF}</UniqueIdentifier>
    </Filter>
    <Filter Include="Ghost\Events">
      <UniqueIdentifier>{6E1F9107-5A82-20AC-0308-5962EF49EC2E}</UniqueIdentifier>
    </Filter>
    <Filter Include="Ghost\ImGui">
      <UniqueIdentifier>{749F5E84-E054-D779-6949-D150D5FDCD7D}</UniqueIdentifier>
    </Filter>
    <Filter Include="Platform">
      <UniqueIdentifier>{2AC788B4-1694-E3BF-3FAD-D1672BD9184E}</UniqueIdentifier>
    </Filter>
    <Filter Include="Platform\OpenGL">
      <UniqueIdentifier>{1E7D2C1D-8A08-9AE1-9319-1DD6FF23F6E1}</UniqueIdentifier>
    </Filter>
    <Filter Include="Platform\Windows">
      <UniqueIdentifier>{64FBD71A-50F4-F66C-7926-DCF1657ED678}</UniqueIdentifier>
    </Filter>
  </ItemGroup>
  <ItemGroup>
    <ClInclude Include="src\Ghost.h" />
    <ClInclude Include="src\Ghost\Application.h">
      <Filter>Ghost</Filter>
    </ClInclude>
    <ClInclude Include="src\Ghost\Core.h">
      <Filter>Ghost</Filter>
    </ClInclude>
    <ClInclude Include="src\Ghost\EntryPoint.h">
      <Filter>Ghost</Filter>
    </ClInclude>
    <ClInclude Include="src\Ghost\Events\ApplicationEvent.h">
      <Filter>Ghost\Events</Filter>
    </ClInclude>
    <ClInclude Include="src\Ghost\Events\Event.h">
      <Filter>Ghost\Events</Filter>
    </ClInclude>
    <ClInclude Include="src\Ghost\Events\KeyEvent.h">
      <Filter>Ghost\Events</Filter>
    </ClInclude>
    <ClInclude Include="src\Ghost\Events\MouseEvent.h">
      <Filter>Ghost\Events</Filter>
    </ClInclude>
    <ClInclude Include="src\Ghost\ImGui\ImGuiLayer.h">
      <Filter>Ghost\ImGui</Filter>
    </ClInclude>
    <ClInclude Include="src\Ghost\Layer.h">
      <Filter>Ghost</Filter>
    </ClInclude>
    <ClInclude Include="src\Ghost\LayerStack.h">
      <Filter>Ghost</Filter>
    </ClInclude>
    <ClInclude Include="src\Ghost\Log.h">
      <Filter>Ghost</Filter>
    </ClInclude>
    <ClInclude Include="src\Ghost\Window.h">
      <Filter>Ghost</Filter>
    </ClInclude>
    <ClInclude Include="src\Platform\OpenGL\ImGuiOpenGLRenderer.h">
      <Filter>Platform\OpenGL</Filter>
    </ClInclude>
    <ClInclude Include="src\Platform\Windows\WindowsWindow.h">
      <Filter>Platform\Windows</Filter>
    </ClInclude>
    <ClInclude Include="src\gtpch.h" />
  </ItemGroup>
  <ItemGroup>
    <ClCompile Include="src\Ghost\Application.cpp">
      <Filter>Ghost</Filter>
    </ClCompile>
    <ClCompile Include="src\Ghost\ImGui\ImGuiLayer.cpp">
      <Filter>Ghost\ImGui</Filter>
    </ClCompile>
    <ClCompile Include="src\Ghost\Layer.cpp">
      <Filter>Ghost</Filter>
    </ClCompile>
    <ClCompile Include="src\Ghost\LayerStack.cpp">
      <Filter>Ghost</Filter>
    </ClCompile>
    <ClCompile Include="src\Ghost\Log.cpp">
      <Filter>Ghost</Filter>
    </ClCompile>
    <ClCompile Include="src\Platform\OpenGL\ImGuiOpenGLRenderer.cpp">
      <Filter>Platform\OpenGL</Filter>
    </ClCompile>
    <ClCompile Include="src\Platform\Windows\WindowsWindow.cpp">
      <Filter>Platform\Windows</Filter>
    </ClCompile>
    <ClCompile Include="src\gtpch.cpp" />
  </ItemGroup>
</Project>